
Microsoft Visual Studio Solution File, Format Version 12.00
# Visual Studio Version 16
VisualStudioVersion = 16.0.31129.286
MinimumVisualStudioVersion = 10.0.40219.1
Project("{FAE04EC0-301F-11D3-BF4B-00C04F79EFBC}") = "my-books", "my-books\my-books.csproj", "{9DE28AA0-839B-4E1E-82F4-779284D37145}"
EndProject
Global
	GlobalSection(SolutionConfigurationPlatforms) = preSolution
		Debug|Any CPU = Debug|Any CPU
		Release|Any CPU = Release|Any CPU
	EndGlobalSection
	GlobalSection(ProjectConfigurationPlatforms) = postSolution
		{9DE28AA0-839B-4E1E-82F4-779284D37145}.Debug|Any CPU.ActiveCfg = Debug|Any CPU
		{9DE28AA0-839B-4E1E-82F4-779284D37145}.Debug|Any CPU.Build.0 = Debug|Any CPU
		{9DE28AA0-839B-4E1E-82F4-779284D37145}.Release|Any CPU.ActiveCfg = Release|Any CPU
		{9DE28AA0-839B-4E1E-82F4-779284D37145}.Release|Any CPU.Build.0 = Release|Any CPU
	EndGlobalSection
	GlobalSection(SolutionProperties) = preSolution
		HideSolutionNode = FALSE
	EndGlobalSection
	GlobalSection(ExtensibilityGlobals) = postSolution
		SolutionGuid = {B2D31F57-76CD-4CAD-BF0C-4264FCF0CD51}
	EndGlobalSection
EndGlobal
